
Microsoft Visual Studio Solution File, Format Version 12.00
# Visual Studio Version 17
VisualStudioVersion = 17.4.33205.214
MinimumVisualStudioVersion = 10.0.40219.1
Project("{9A19103F-16F7-4668-BE54-9A1E7A4F7556}") = "FractionsExtensions", "FractionsExtensions\FractionsExtensions.csproj", "{720C09EB-CE3B-42F0-9F0F-66744E98A4B5}"
EndProject
Project("{FAE04EC0-301F-11D3-BF4B-00C04F79EFBC}") = "FractionsExtensions.Tests", "FractionsExtensions.Tests\FractionsExtensions.Tests.csproj", "{44262BB4-A6D2-4E1C-9BA5-992ED8E56A3B}"
EndProject
Global
	GlobalSection(SolutionConfigurationPlatforms) = preSolution
		Debug|Any CPU = Debug|Any CPU
		Release|Any CPU = Release|Any CPU
	EndGlobalSection
	GlobalSection(ProjectConfigurationPlatforms) = postSolution
		{720C09EB-CE3B-42F0-9F0F-66744E98A4B5}.Debug|Any CPU.ActiveCfg = Debug|Any CPU
		{720C09EB-CE3B-42F0-9F0F-66744E98A4B5}.Debug|Any CPU.Build.0 = Debug|Any CPU
		{720C09EB-CE3B-42F0-9F0F-66744E98A4B5}.Release|Any CPU.ActiveCfg = Release|Any CPU
		{720C09EB-CE3B-42F0-9F0F-66744E98A4B5}.Release|Any CPU.Build.0 = Release|Any CPU
		{44262BB4-A6D2-4E1C-9BA5-992ED8E56A3B}.Debug|Any CPU.ActiveCfg = Debug|Any CPU
		{44262BB4-A6D2-4E1C-9BA5-992ED8E56A3B}.Debug|Any CPU.Build.0 = Debug|Any CPU
		{44262BB4-A6D2-4E1C-9BA5-992ED8E56A3B}.Release|Any CPU.ActiveCfg = Release|Any CPU
		{44262BB4-A6D2-4E1C-9BA5-992ED8E56A3B}.Release|Any CPU.Build.0 = Release|Any CPU
	EndGlobalSection
	GlobalSection(SolutionProperties) = preSolution
		HideSolutionNode = FALSE
	EndGlobalSection
	GlobalSection(ExtensibilityGlobals) = postSolution
		SolutionGuid = {9CE47D85-F738-4DF7-BEE5-DD1CC4A73580}
	EndGlobalSection
EndGlobal
